{
  "name": "swagger-merger",
  "version": "1.0.0",
  "lockfileVersion": 1,
  "dependencies": {
    "date-fns": {
      "version": "1.28.5",
      "resolved": "https://registry.npmjs.org/date-fns/-/date-fns-1.28.5.tgz",
      "integrity": "sha1-JXz8RdMi30XvVlhmWWfuhBzXP68="
    },
    "swagger-merge": {
      "version": "https://registry.npmjs.org/swagger-merge/-/swagger-merge-0.3.3.tgz",
      "integrity": "sha1-az7ogziut14pU+uECGKG3ISvsWs=",
      "dev": true
    }
  }
}
