{
  "name": "swagger-merger",
  "version": "1.0.0",
  "lockfileVersion": 1,
  "requires": true,
  "dependencies": {
    "date-fns": {
      "version": "1.28.5",
      "resolved": "https://registry.npmjs.org/date-fns/-/date-fns-1.28.5.tgz",
      "integrity": "sha1-JXz8RdMi30XvVlhmWWfuhBzXP68="
    },
    "hoist-non-react-statics": {
      "version": "2.3.1",
      "resolved": "https://registry.npmjs.org/hoist-non-react-statics/-/hoist-non-react-statics-2.3.1.tgz",
      "integrity": "sha1-ND24TGAYxlB3iJgkATWhQg7iLOA=",
      "dev": true
    },
    "html-parse-stringify2": {
      "version": "2.0.1",
      "resolved": "https://registry.npmjs.org/html-parse-stringify2/-/html-parse-stringify2-2.0.1.tgz",
      "integrity": "sha1-3FZwtyksoVi3vJFsmmc1rIhyg0o=",
      "dev": true,
      "requires": {
        "void-elements": "2.0.1"
      }
    },
    "react-i18next": {
      "version": "6.0.6",
      "resolved": "https://registry.npmjs.org/react-i18next/-/react-i18next-6.0.6.tgz",
      "integrity": "sha1-vpLjk2yYwpNAGUV0hMuFucK+HCg=",
      "dev": true,
      "requires": {
        "hoist-non-react-statics": "2.3.1",
        "html-parse-stringify2": "2.0.1"
      }
    },
    "swagger-merge": {
      "version": "https://registry.npmjs.org/swagger-merge/-/swagger-merge-0.3.3.tgz",
      "integrity": "sha1-az7ogziut14pU+uECGKG3ISvsWs=",
      "dev": true
    },
    "void-elements": {
      "version": "2.0.1",
      "resolved": "https://registry.npmjs.org/void-elements/-/void-elements-2.0.1.tgz",
      "integrity": "sha1-wGavtYK7HLQSjWDqkjkulNXp2+w=",
      "dev": true
    }
  }
}
