{
  "name": "swagger-merger",
  "version": "1.0.0",
  "lockfileVersion": 1,
  "requires": true,
  "dependencies": {
    "commander": {
      "version": "2.12.2",
      "resolved": "https://registry.npmjs.org/commander/-/commander-2.12.2.tgz",
      "integrity": "sha512-BFnaq5ZOGcDN7FlrtBT4xxkgIToalIIxwjxLWVJ8bGTpe1LroqMiqQXdA7ygc7CRvaYS+9zfPGFnJqFSayx+AA=="
    },
    "date-fns": {
      "version": "1.29.0",
      "resolved": "https://registry.npmjs.org/date-fns/-/date-fns-1.29.0.tgz",
      "integrity": "sha512-lbTXWZ6M20cWH8N9S6afb0SBm6tMk+uUg6z3MqHPKE9atmsY3kJkTm8vKe93izJ2B2+q5MV990sM2CHgtAZaOw=="
    },
    "minimist": {
      "version": "0.0.8",
      "resolved": "https://registry.npmjs.org/minimist/-/minimist-0.0.8.tgz",
      "integrity": "sha1-hX/Kv8M5fSYluCKCYuhqp6ARsF0="
    },
    "mkdirp": {
      "version": "0.5.1",
      "resolved": "https://registry.npmjs.org/mkdirp/-/mkdirp-0.5.1.tgz",
      "integrity": "sha1-MAV0OOrGz3+MR2fzhkjWaX11yQM=",
      "requires": {
        "minimist": "0.0.8"
      }
    },
    "properties-reader": {
      "version": "0.0.16",
      "resolved": "https://registry.npmjs.org/properties-reader/-/properties-reader-0.0.16.tgz",
      "integrity": "sha1-oswNuc3XuB2XfQpZwdwQxtHWq5g=",
      "requires": {
        "mkdirp": "0.5.1"
      }
    },
    "swagger-merge": {
      "version": "0.3.3",
      "resolved": "https://registry.npmjs.org/swagger-merge/-/swagger-merge-0.3.3.tgz",
      "integrity": "sha1-az7ogziut14pU+uECGKG3ISvsWs=",
      "dev": true
    }
  }
}
